// !$*UTF8*$!
{
	archiveVersion = 1;
	classes = {
	};
	objectVersion = 77;
	objects = {

/* Begin PBXBuildFile section */
		BB00000100000000000000CC /* StripeApplePay in Frameworks */ = {isa = PBXBuildFile; productRef = BB00000300000000000000CC /* StripeApplePay */; };
/* End PBXBuildFile section */

/* Begin PBXContainerItemProxy section */
		4E6E6DD52F5C423A007957FA /* PBXContainerItemProxy */ = {
			isa = PBXContainerItemProxy;
			containerPortal = 4E6E6DBD2F5C4238007957FA /* Project object */;
			proxyType = 1;
			remoteGlobalIDString = 4E6E6DC42F5C4238007957FA;
			remoteInfo = Anky;
		};
		4E6E6DDF2F5C423A007957FA /* PBXContainerItemProxy */ = {
			isa = PBXContainerItemProxy;
			containerPortal = 4E6E6DBD2F5C4238007957FA /* Project object */;
			proxyType = 1;
			remoteGlobalIDString = 4E6E6DC42F5C4238007957FA;
			remoteInfo = Anky;
		};
		AA00000B00000000000000CC /* PBXContainerItemProxy */ = {
			isa = PBXContainerItemProxy;
			containerPortal = 4E6E6DBD2F5C4238007957FA /* Project object */;
			proxyType = 1;
			remoteGlobalIDString = AA00000700000000000000CC;
			remoteInfo = AnkyKeyboard;
		};
/* End PBXContainerItemProxy section */

/* Begin PBXCopyFilesBuildPhase section */
		AA00000D00000000000000CC /* Embed App Extensions */ = {
			isa = PBXCopyFilesBuildPhase;
			buildActionMask = 2147483647;
			dstPath = "";
			dstSubfolderSpec = 13;
			files = (
			);
			name = "Embed App Extensions";
			runOnlyForDeploymentPostprocessing = 0;
		};
/* End PBXCopyFilesBuildPhase section */

/* Begin PBXFileReference section */
		4E6E6DC52F5C4238007957FA /* Anky.app */ = {isa = PBXFileReference; explicitFileType = wrapper.application; includeInIndex = 0; path = Anky.app; sourceTree = BUILT_PRODUCTS_DIR; };
		4E6E6DD42F5C423A007957FA /* AnkyTests.xctest */ = {isa = PBXFileReference; explicitFileType = wrapper.cfbundle; includeInIndex = 0; path = AnkyTests.xctest; sourceTree = BUILT_PRODUCTS_DIR; };
		4E6E6DDE2F5C423A007957FA /* AnkyUITests.xctest */ = {isa = PBXFileReference; explicitFileType = wrapper.cfbundle; includeInIndex = 0; path = AnkyUITests.xctest; sourceTree = BUILT_PRODUCTS_DIR; };
		AA00000100000000000000CC /* AnkyKeyboard.appex */ = {isa = PBXFileReference; explicitFileType = "wrapper.app-extension"; includeInIndex = 0; path = AnkyKeyboard.appex; sourceTree = BUILT_PRODUCTS_DIR; };
/* End PBXFileReference section */

/* Begin PBXFileSystemSynchronizedBuildFileExceptionSet section */
		AA00001000000000000000CC /* Exceptions for "AnkyKeyboard" folder in "AnkyKeyboard" target */ = {
			isa = PBXFileSystemSynchronizedBuildFileExceptionSet;
			membershipExceptions = (
				Info.plist,
			);
			target = AA00000700000000000000CC /* AnkyKeyboard */;
		};
/* End PBXFileSystemSynchronizedBuildFileExceptionSet section */

/* Begin PBXFileSystemSynchronizedRootGroup section */
		4E6E6DC72F5C4238007957FA /* Anky */ = {
			isa = PBXFileSystemSynchronizedRootGroup;
			path = Anky;
			sourceTree = "<group>";
		};
		4E6E6DD72F5C423A007957FA /* AnkyTests */ = {
			isa = PBXFileSystemSynchronizedRootGroup;
			path = AnkyTests;
			sourceTree = "<group>";
		};
		4E6E6DE12F5C423A007957FA /* AnkyUITests */ = {
			isa = PBXFileSystemSynchronizedRootGroup;
			path = AnkyUITests;
			sourceTree = "<group>";
		};
		AA00000200000000000000CC /* AnkyKeyboard */ = {
			isa = PBXFileSystemSynchronizedRootGroup;
			exceptions = (
				AA00001000000000000000CC /* Exceptions for "AnkyKeyboard" folder in "AnkyKeyboard" target */,
			);
			path = AnkyKeyboard;
			sourceTree = "<group>";
		};
		AA00000300000000000000CC /* Shared */ = {
			isa = PBXFileSystemSynchronizedRootGroup;
			path = Shared;
			sourceTree = "<group>";
		};
/* End PBXFileSystemSynchronizedRootGroup section */

/* Begin PBXFrameworksBuildPhase section */
		4E6E6DC22F5C4238007957FA /* Frameworks */ = {
			isa = PBXFrameworksBuildPhase;
			buildActionMask = 2147483647;
			files = (
				BB00000100000000000000CC /* StripeApplePay in Frameworks */,
			);
			runOnlyForDeploymentPostprocessing = 0;
		};
		4E6E6DD12F5C423A007957FA /* Frameworks */ = {
			isa = PBXFrameworksBuildPhase;
			buildActionMask = 2147483647;
			files = (
			);
			runOnlyForDeploymentPostprocessing = 0;
		};
		4E6E6DDB2F5C423A007957FA /* Frameworks */ = {
			isa = PBXFrameworksBuildPhase;
			buildActionMask = 2147483647;
			files = (
			);
			runOnlyForDeploymentPostprocessing = 0;
		};
		AA00000500000000000000CC /* Frameworks */ = {
			isa = PBXFrameworksBuildPhase;
			buildActionMask = 2147483647;
			files = (
			);
			runOnlyForDeploymentPostprocessing = 0;
		};
/* End PBXFrameworksBuildPhase section */

/* Begin PBXGroup section */
		4E6E6DBC2F5C4238007957FA = {
			isa = PBXGroup;
			children = (
				4E6E6DC72F5C4238007957FA /* Anky */,
				AA00000200000000000000CC /* AnkyKeyboard */,
				AA00000300000000000000CC /* Shared */,
				4E6E6DD72F5C423A007957FA /* AnkyTests */,
				4E6E6DE12F5C423A007957FA /* AnkyUITests */,
				4E6E6DC62F5C4238007957FA /* Products */,
			);
			sourceTree = "<group>";
		};
		4E6E6DC62F5C4238007957FA /* Products */ = {
			isa = PBXGroup;
			children = (
				4E6E6DC52F5C4238007957FA /* Anky.app */,
				AA00000100000000000000CC /* AnkyKeyboard.appex */,
				4E6E6DD42F5C423A007957FA /* AnkyTests.xctest */,
				4E6E6DDE2F5C423A007957FA /* AnkyUITests.xctest */,
			);
			name = Products;
			sourceTree = "<group>";
		};
/* End PBXGroup section */

/* Begin PBXNativeTarget section */
		4E6E6DC42F5C4238007957FA /* Anky */ = {
			isa = PBXNativeTarget;
			buildConfigurationList = 4E6E6DE82F5C423A007957FA /* Build configuration list for PBXNativeTarget "Anky" */;
			buildPhases = (
				4E6E6DC12F5C4238007957FA /* Sources */,
				4E6E6DC22F5C4238007957FA /* Frameworks */,
				A1B2C3D4E5F60718293A4B5C /* Embed PrivySDK */,
				4E6E6DC32F5C4238007957FA /* Resources */,
				AA00000D00000000000000CC /* Embed App Extensions */,
			);
			buildRules = (
			);
			dependencies = (
				AA00000C00000000000000CC /* PBXTargetDependency */,
			);
			fileSystemSynchronizedGroups = (
				4E6E6DC72F5C4238007957FA /* Anky */,
				AA00000300000000000000CC /* Shared */,
			);
			name = Anky;
			packageProductDependencies = (
				BB00000300000000000000CC /* StripeApplePay */,
			);
			productName = Anky;
			productReference = 4E6E6DC52F5C4238007957FA /* Anky.app */;
			productType = "com.apple.product-type.application";
		};
		4E6E6DD32F5C423A007957FA /* AnkyTests */ = {
			isa = PBXNativeTarget;
			buildConfigurationList = 4E6E6DEB2F5C423A007957FA /* Build configuration list for PBXNativeTarget "AnkyTests" */;
			buildPhases = (
				4E6E6DD02F5C423A007957FA /* Sources */,
				4E6E6DD12F5C423A007957FA /* Frameworks */,
				4E6E6DD22F5C423A007957FA /* Resources */,
			);
			buildRules = (
			);
			dependencies = (
				4E6E6DD62F5C423A007957FA /* PBXTargetDependency */,
			);
			fileSystemSynchronizedGroups = (
				4E6E6DD72F5C423A007957FA /* AnkyTests */,
			);
			name = AnkyTests;
			packageProductDependencies = (
			);
			productName = AnkyTests;
			productReference = 4E6E6DD42F5C423A007957FA /* AnkyTests.xctest */;
			productType = "com.apple.product-type.bundle.unit-test";
		};
		4E6E6DDD2F5C423A007957FA /* AnkyUITests */ = {
			isa = PBXNativeTarget;
			buildConfigurationList = 4E6E6DEE2F5C423A007957FA /* Build configuration list for PBXNativeTarget "AnkyUITests" */;
			buildPhases = (
				4E6E6DDA2F5C423A007957FA /* Sources */,
				4E6E6DDB2F5C423A007957FA /* Frameworks */,
				4E6E6DDC2F5C423A007957FA /* Resources */,
			);
			buildRules = (
			);
			dependencies = (
				4E6E6DE02F5C423A007957FA /* PBXTargetDependency */,
			);
			fileSystemSynchronizedGroups = (
				4E6E6DE12F5C423A007957FA /* AnkyUITests */,
			);
			name = AnkyUITests;
			packageProductDependencies = (
			);
			productName = AnkyUITests;
			productReference = 4E6E6DDE2F5C423A007957FA /* AnkyUITests.xctest */;
			productType = "com.apple.product-type.bundle.ui-testing";
		};
		AA00000700000000000000CC /* AnkyKeyboard */ = {
			isa = PBXNativeTarget;
			buildConfigurationList = AA00000A00000000000000CC /* Build configuration list for PBXNativeTarget "AnkyKeyboard" */;
			buildPhases = (
				AA00000400000000000000CC /* Sources */,
				AA00000500000000000000CC /* Frameworks */,
				AA00000600000000000000CC /* Resources */,
			);
			buildRules = (
			);
			dependencies = (
			);
			fileSystemSynchronizedGroups = (
				AA00000200000000000000CC /* AnkyKeyboard */,
				AA00000300000000000000CC /* Shared */,
			);
			name = AnkyKeyboard;
			packageProductDependencies = (
			);
			productName = AnkyKeyboard;
			productReference = AA00000100000000000000CC /* AnkyKeyboard.appex */;
			productType = "com.apple.product-type.app-extension";
		};
/* End PBXNativeTarget section */

/* Begin PBXProject section */
		4E6E6DBD2F5C4238007957FA /* Project object */ = {
			isa = PBXProject;
			attributes = {
				BuildIndependentTargetsInParallel = 1;
				LastSwiftUpdateCheck = 2630;
				LastUpgradeCheck = 2630;
				TargetAttributes = {
					4E6E6DC42F5C4238007957FA = {
						CreatedOnToolsVersion = 26.3;
						SystemCapabilities = {
							com.apple.iCloud = {
								enabled = 1;
							};
						};
					};
					4E6E6DD32F5C423A007957FA = {
						CreatedOnToolsVersion = 26.3;
						TestTargetID = 4E6E6DC42F5C4238007957FA;
					};
					4E6E6DDD2F5C423A007957FA = {
						CreatedOnToolsVersion = 26.3;
						TestTargetID = 4E6E6DC42F5C4238007957FA;
					};
					AA00000700000000000000CC = {
						CreatedOnToolsVersion = 26.3;
					};
				};
			};
			buildConfigurationList = 4E6E6DC02F5C4238007957FA /* Build configuration list for PBXProject "Anky" */;
			developmentRegion = en;
			hasScannedForEncodings = 0;
			knownRegions = (
				en,
				Base,
			);
			mainGroup = 4E6E6DBC2F5C4238007957FA;
			minimizedProjectReferenceProxies = 1;
			packageReferences = (
				BB00000200000000000000CC /* XCRemoteSwiftPackageReference "stripe-ios-spm" */,
			);
			preferredProjectObjectVersion = 77;
			productRefGroup = 4E6E6DC62F5C4238007957FA /* Products */;
			projectDirPath = "";
			projectRoot = "";
			targets = (
				4E6E6DC42F5C4238007957FA /* Anky */,
				AA00000700000000000000CC /* AnkyKeyboard */,
				4E6E6DD32F5C423A007957FA /* AnkyTests */,
				4E6E6DDD2F5C423A007957FA /* AnkyUITests */,
			);
		};
/* End PBXProject section */

/* Begin PBXResourcesBuildPhase section */
		4E6E6DC32F5C4238007957FA /* Resources */ = {
			isa = PBXResourcesBuildPhase;
			buildActionMask = 2147483647;
			files = (
			);
			runOnlyForDeploymentPostprocessing = 0;
		};
		4E6E6DD22F5C423A007957FA /* Resources */ = {
			isa = PBXResourcesBuildPhase;
			buildActionMask = 2147483647;
			files = (
			);
			runOnlyForDeploymentPostprocessing = 0;
		};
		4E6E6DDC2F5C423A007957FA /* Resources */ = {
			isa = PBXResourcesBuildPhase;
			buildActionMask = 2147483647;
			files = (
			);
			runOnlyForDeploymentPostprocessing = 0;
		};
		AA00000600000000000000CC /* Resources */ = {
			isa = PBXResourcesBuildPhase;
			buildActionMask = 2147483647;
			files = (
			);
			runOnlyForDeploymentPostprocessing = 0;
		};
/* End PBXResourcesBuildPhase section */

/* Begin PBXShellScriptBuildPhase section */
		A1B2C3D4E5F60718293A4B5C /* Embed PrivySDK */ = {
			isa = PBXShellScriptBuildPhase;
			buildActionMask = 2147483647;
			files = (
			);
			inputFileListPaths = (
			);
			inputPaths = (
				"$(PROJECT_DIR)/Anky/Frameworks/PrivySDK.xcframework/ios-arm64/PrivySDK.framework",
				"$(PROJECT_DIR)/Anky/Frameworks/PrivySDK.xcframework/ios-arm64_x86_64-simulator/PrivySDK.framework",
			);
			name = "Embed PrivySDK";
			outputFileListPaths = (
			);
			outputPaths = (
				"$(TARGET_BUILD_DIR)/$(FRAMEWORKS_FOLDER_PATH)",
				"$(TARGET_BUILD_DIR)/$(FRAMEWORKS_FOLDER_PATH)/PrivySDK.framework",
			);
			runOnlyForDeploymentPostprocessing = 0;
			shellPath = /bin/sh;
			shellScript = "set -euo pipefail\n\nAPP_FRAMEWORKS_DIR=\"${TARGET_BUILD_DIR}/${FRAMEWORKS_FOLDER_PATH}\"\nmkdir -p \"${APP_FRAMEWORKS_DIR}\"\n\ncase \"${PLATFORM_NAME}\" in\n  iphoneos)\n    SOURCE_FRAMEWORK=\"${PROJECT_DIR}/Anky/Frameworks/PrivySDK.xcframework/ios-arm64/PrivySDK.framework\"\n    ;;\n  iphonesimulator)\n    SOURCE_FRAMEWORK=\"${PROJECT_DIR}/Anky/Frameworks/PrivySDK.xcframework/ios-arm64_x86_64-simulator/PrivySDK.framework\"\n    ;;\n  *)\n    exit 0\n    ;;\nesac\n\nDEST_FRAMEWORK=\"${APP_FRAMEWORKS_DIR}/PrivySDK.framework\"\nrm -rf \"${DEST_FRAMEWORK}\"\ncp -R \"${SOURCE_FRAMEWORK}\" \"${DEST_FRAMEWORK}\"\n\nif [ \"${CODE_SIGNING_ALLOWED}\" = \"YES\" ] && [ -n \"${EXPANDED_CODE_SIGN_IDENTITY:-}\" ]; then\n  /usr/bin/codesign --force --sign \"${EXPANDED_CODE_SIGN_IDENTITY}\" --timestamp=none \"${DEST_FRAMEWORK}\"\nfi\n";
		};
/* End PBXShellScriptBuildPhase section */

/* Begin PBXSourcesBuildPhase section */
		4E6E6DC12F5C4238007957FA /* Sources */ = {
			isa = PBXSourcesBuildPhase;
			buildActionMask = 2147483647;
			files = (
			);
			runOnlyForDeploymentPostprocessing = 0;
		};
		4E6E6DD02F5C423A007957FA /* Sources */ = {
			isa = PBXSourcesBuildPhase;
			buildActionMask = 2147483647;
			files = (
			);
			runOnlyForDeploymentPostprocessing = 0;
		};
		4E6E6DDA2F5C423A007957FA /* Sources */ = {
			isa = PBXSourcesBuildPhase;
			buildActionMask = 2147483647;
			files = (
			);
			runOnlyForDeploymentPostprocessing = 0;
		};
		AA00000400000000000000CC /* Sources */ = {
			isa = PBXSourcesBuildPhase;
			buildActionMask = 2147483647;
			files = (
			);
			runOnlyForDeploymentPostprocessing = 0;
		};
/* End PBXSourcesBuildPhase section */

/* Begin PBXTargetDependency section */
		4E6E6DD62F5C423A007957FA /* PBXTargetDependency */ = {
			isa = PBXTargetDependency;
			target = 4E6E6DC42F5C4238007957FA /* Anky */;
			targetProxy = 4E6E6DD52F5C423A007957FA /* PBXContainerItemProxy */;
		};
		4E6E6DE02F5C423A007957FA /* PBXTargetDependency */ = {
			isa = PBXTargetDependency;
			target = 4E6E6DC42F5C4238007957FA /* Anky */;
			targetProxy = 4E6E6DDF2F5C423A007957FA /* PBXContainerItemProxy */;
		};
		AA00000C00000000000000CC /* PBXTargetDependency */ = {
			isa = PBXTargetDependency;
			target = AA00000700000000000000CC /* AnkyKeyboard */;
			targetProxy = AA00000B00000000000000CC /* PBXContainerItemProxy */;
		};
/* End PBXTargetDependency section */

/* Begin XCBuildConfiguration section */
		4E6E6DE62F5C423A007957FA /* Debug */ = {
			isa = XCBuildConfiguration;
			buildSettings = {
				ALWAYS_SEARCH_USER_PATHS = NO;
				ASSETCATALOG_COMPILER_GENERATE_SWIFT_ASSET_SYMBOL_EXTENSIONS = YES;
				CLANG_ANALYZER_NONNULL = YES;
				CLANG_ANALYZER_NUMBER_OBJECT_CONVERSION = YES_AGGRESSIVE;
				CLANG_CXX_LANGUAGE_STANDARD = "gnu++20";
				CLANG_ENABLE_MODULES = YES;
				CLANG_ENABLE_OBJC_ARC = YES;
				CLANG_ENABLE_OBJC_WEAK = YES;
				CLANG_WARN_BLOCK_CAPTURE_AUTORELEASING = YES;
				CLANG_WARN_BOOL_CONVERSION = YES;
				CLANG_WARN_COMMA = YES;
				CLANG_WARN_CONSTANT_CONVERSION = YES;
				CLANG_WARN_DEPRECATED_OBJC_IMPLEMENTATIONS = YES;
				CLANG_WARN_DIRECT_OBJC_ISA_USAGE = YES_ERROR;
				CLANG_WARN_DOCUMENTATION_COMMENTS = YES;
				CLANG_WARN_EMPTY_BODY = YES;
				CLANG_WARN_ENUM_CONVERSION = YES;
				CLANG_WARN_INFINITE_RECURSION = YES;
				CLANG_WARN_INT_CONVERSION = YES;
				CLANG_WARN_NON_LITERAL_NULL_CONVERSION = YES;
				CLANG_WARN_OBJC_IMPLICIT_RETAIN_SELF = YES;
				CLANG_WARN_OBJC_LITERAL_CONVERSION = YES;
				CLANG_WARN_OBJC_ROOT_CLASS = YES_ERROR;
				CLANG_WARN_QUOTED_INCLUDE_IN_FRAMEWORK_HEADER = YES;
				CLANG_WARN_RANGE_LOOP_ANALYSIS = YES;
				CLANG_WARN_STRICT_PROTOTYPES = YES;
				CLANG_WARN_SUSPICIOUS_MOVE = YES;
				CLANG_WARN_UNGUARDED_AVAILABILITY = YES_AGGRESSIVE;
				CLANG_WARN_UNREACHABLE_CODE = YES;
				CLANG_WARN__DUPLICATE_METHOD_MATCH = YES;
				COPY_PHASE_STRIP = NO;
				DEBUG_INFORMATION_FORMAT = dwarf;
				DEVELOPMENT_TEAM = 84V63LKV45;
				ENABLE_STRICT_OBJC_MSGSEND = YES;
				ENABLE_TESTABILITY = YES;
				ENABLE_USER_SCRIPT_SANDBOXING = YES;
				GCC_C_LANGUAGE_STANDARD = gnu17;
				GCC_DYNAMIC_NO_PIC = NO;
				GCC_NO_COMMON_BLOCKS = YES;
				GCC_OPTIMIZATION_LEVEL = 0;
				GCC_PREPROCESSOR_DEFINITIONS = (
					"DEBUG=1",
					"$(inherited)",
				);
				GCC_WARN_64_TO_32_BIT_CONVERSION = YES;
				GCC_WARN_ABOUT_RETURN_TYPE = YES_ERROR;
				GCC_WARN_UNDECLARED_SELECTOR = YES;
				GCC_WARN_UNINITIALIZED_AUTOS = YES_AGGRESSIVE;
				GCC_WARN_UNUSED_FUNCTION = YES;
				GCC_WARN_UNUSED_VARIABLE = YES;
				LOCALIZATION_PREFERS_STRING_CATALOGS = YES;
				MTL_ENABLE_DEBUG_INFO = INCLUDE_SOURCE;
				MTL_FAST_MATH = YES;
				ONLY_ACTIVE_ARCH = YES;
				SWIFT_ACTIVE_COMPILATION_CONDITIONS = "DEBUG $(inherited)";
				SWIFT_OPTIMIZATION_LEVEL = "-Onone";
			};
			name = Debug;
		};
		4E6E6DE72F5C423A007957FA /* Release */ = {
			isa = XCBuildConfiguration;
			buildSettings = {
				ALWAYS_SEARCH_USER_PATHS = NO;
				ASSETCATALOG_COMPILER_GENERATE_SWIFT_ASSET_SYMBOL_EXTENSIONS = YES;
				CLANG_ANALYZER_NONNULL = YES;
				CLANG_ANALYZER_NUMBER_OBJECT_CONVERSION = YES_AGGRESSIVE;
				CLANG_CXX_LANGUAGE_STANDARD = "gnu++20";
				CLANG_ENABLE_MODULES = YES;
				CLANG_ENABLE_OBJC_ARC = YES;
				CLANG_ENABLE_OBJC_WEAK = YES;
				CLANG_WARN_BLOCK_CAPTURE_AUTORELEASING = YES;
				CLANG_WARN_BOOL_CONVERSION = YES;
				CLANG_WARN_COMMA = YES;
				CLANG_WARN_CONSTANT_CONVERSION = YES;
				CLANG_WARN_DEPRECATED_OBJC_IMPLEMENTATIONS = YES;
				CLANG_WARN_DIRECT_OBJC_ISA_USAGE = YES_ERROR;
				CLANG_WARN_DOCUMENTATION_COMMENTS = YES;
				CLANG_WARN_EMPTY_BODY = YES;
				CLANG_WARN_ENUM_CONVERSION = YES;
				CLANG_WARN_INFINITE_RECURSION = YES;
				CLANG_WARN_INT_CONVERSION = YES;
				CLANG_WARN_NON_LITERAL_NULL_CONVERSION = YES;
				CLANG_WARN_OBJC_IMPLICIT_RETAIN_SELF = YES;
				CLANG_WARN_OBJC_LITERAL_CONVERSION = YES;
				CLANG_WARN_OBJC_ROOT_CLASS = YES_ERROR;
				CLANG_WARN_QUOTED_INCLUDE_IN_FRAMEWORK_HEADER = YES;
				CLANG_WARN_RANGE_LOOP_ANALYSIS = YES;
				CLANG_WARN_STRICT_PROTOTYPES = YES;
				CLANG_WARN_SUSPICIOUS_MOVE = YES;
				CLANG_WARN_UNGUARDED_AVAILABILITY = YES_AGGRESSIVE;
				CLANG_WARN_UNREACHABLE_CODE = YES;
				CLANG_WARN__DUPLICATE_METHOD_MATCH = YES;
				COPY_PHASE_STRIP = NO;
				DEBUG_INFORMATION_FORMAT = "dwarf-with-dsym";
				DEVELOPMENT_TEAM = 84V63LKV45;
				ENABLE_NS_ASSERTIONS = NO;
				ENABLE_STRICT_OBJC_MSGSEND = YES;
				ENABLE_USER_SCRIPT_SANDBOXING = YES;
				GCC_C_LANGUAGE_STANDARD = gnu17;
				GCC_NO_COMMON_BLOCKS = YES;
				GCC_WARN_64_TO_32_BIT_CONVERSION = YES;
				GCC_WARN_ABOUT_RETURN_TYPE = YES_ERROR;
				GCC_WARN_UNDECLARED_SELECTOR = YES;
				GCC_WARN_UNINITIALIZED_AUTOS = YES_AGGRESSIVE;
				GCC_WARN_UNUSED_FUNCTION = YES;
				GCC_WARN_UNUSED_VARIABLE = YES;
				LOCALIZATION_PREFERS_STRING_CATALOGS = YES;
				MTL_ENABLE_DEBUG_INFO = NO;
				MTL_FAST_MATH = YES;
				SWIFT_COMPILATION_MODE = wholemodule;
			};
			name = Release;
		};
		4E6E6DE92F5C423A007957FA /* Debug */ = {
			isa = XCBuildConfiguration;
			buildSettings = {
				ALWAYS_EMBED_SWIFT_STANDARD_LIBRARIES = YES;
				ASSETCATALOG_COMPILER_APPICON_NAME = AppIcon;
				ASSETCATALOG_COMPILER_GLOBAL_ACCENT_COLOR_NAME = AccentColor;
				CODE_SIGN_ENTITLEMENTS = Anky.entitlements;
				CODE_SIGN_STYLE = Automatic;
				CURRENT_PROJECT_VERSION = 8;
				DEVELOPMENT_TEAM = 84V63LKV45;
				ENABLE_APP_SANDBOX = YES;
				ENABLE_HARDENED_RUNTIME = YES;
				ENABLE_PREVIEWS = YES;
				ENABLE_USER_SCRIPT_SANDBOXING = NO;
				ENABLE_USER_SELECTED_FILES = readonly;
				GENERATE_INFOPLIST_FILE = NO;
				HEADER_SEARCH_PATHS = (
					"$(inherited)",
					"$(SRCROOT)/Anky/Crypto/Vendored/WalletKit/keccaktiny/include",
					"$(SRCROOT)/Anky/Crypto/Vendored/WalletKit/secp256k1/include",
				);
				INFOPLIST_FILE = Info.plist;
				"INFOPLIST_KEY_UIApplicationSceneManifest_Generation[sdk=iphoneos*]" = YES;
				"INFOPLIST_KEY_UIApplicationSceneManifest_Generation[sdk=iphonesimulator*]" = YES;
				"INFOPLIST_KEY_UIApplicationSupportsIndirectInputEvents[sdk=iphoneos*]" = YES;
				"INFOPLIST_KEY_UIApplicationSupportsIndirectInputEvents[sdk=iphonesimulator*]" = YES;
				"INFOPLIST_KEY_UILaunchScreen_Generation[sdk=iphoneos*]" = YES;
				"INFOPLIST_KEY_UILaunchScreen_Generation[sdk=iphonesimulator*]" = YES;
				"INFOPLIST_KEY_UIStatusBarStyle[sdk=iphoneos*]" = UIStatusBarStyleDefault;
				"INFOPLIST_KEY_UIStatusBarStyle[sdk=iphonesimulator*]" = UIStatusBarStyleDefault;
				INFOPLIST_KEY_UISupportedInterfaceOrientations_iPad = "UIInterfaceOrientationPortrait UIInterfaceOrientationPortraitUpsideDown UIInterfaceOrientationLandscapeLeft UIInterfaceOrientationLandscapeRight";
				INFOPLIST_KEY_UISupportedInterfaceOrientations_iPhone = "UIInterfaceOrientationPortrait UIInterfaceOrientationLandscapeLeft UIInterfaceOrientationLandscapeRight";
				IPHONEOS_DEPLOYMENT_TARGET = 17.0;
				LD_RUNPATH_SEARCH_PATHS = "@executable_path/Frameworks";
				"LD_RUNPATH_SEARCH_PATHS[sdk=macosx*]" = "@executable_path/../Frameworks";
				MACOSX_DEPLOYMENT_TARGET = 26.2;
				MARKETING_VERSION = 1.1;
				PRODUCT_BUNDLE_IDENTIFIER = com.jpfraneto.Anky;
				PRODUCT_NAME = "$(TARGET_NAME)";
				REGISTER_APP_GROUPS = YES;
				SDKROOT = auto;
				STRING_CATALOG_GENERATE_SYMBOLS = YES;
				SUPPORTED_PLATFORMS = "iphoneos iphonesimulator macosx xros xrsimulator";
				SWIFT_APPROACHABLE_CONCURRENCY = YES;
				SWIFT_DEFAULT_ACTOR_ISOLATION = MainActor;
				SWIFT_EMIT_LOC_STRINGS = YES;
				SWIFT_OBJC_BRIDGING_HEADER = "Anky/Anky-Bridging-Header.h";
				SWIFT_UPCOMING_FEATURE_MEMBER_IMPORT_VISIBILITY = YES;
				SWIFT_VERSION = 5.0;
				TARGETED_DEVICE_FAMILY = "1,2,7";
				XROS_DEPLOYMENT_TARGET = 26.2;
			};
			name = Debug;
		};
		4E6E6DEA2F5C423A007957FA /* Release */ = {
			isa = XCBuildConfiguration;
			buildSettings = {
				ALWAYS_EMBED_SWIFT_STANDARD_LIBRARIES = YES;
				ASSETCATALOG_COMPILER_APPICON_NAME = AppIcon;
				ASSETCATALOG_COMPILER_GLOBAL_ACCENT_COLOR_NAME = AccentColor;
				CODE_SIGN_ENTITLEMENTS = Anky.entitlements;
				CODE_SIGN_STYLE = Automatic;
				CURRENT_PROJECT_VERSION = 8;
				DEVELOPMENT_TEAM = 84V63LKV45;
				ENABLE_APP_SANDBOX = YES;
				ENABLE_HARDENED_RUNTIME = YES;
				ENABLE_PREVIEWS = YES;
				ENABLE_USER_SCRIPT_SANDBOXING = NO;
				ENABLE_USER_SELECTED_FILES = readonly;
				GENERATE_INFOPLIST_FILE = NO;
				HEADER_SEARCH_PATHS = (
					"$(inherited)",
					"$(SRCROOT)/Anky/Crypto/Vendored/WalletKit/keccaktiny/include",
					"$(SRCROOT)/Anky/Crypto/Vendored/WalletKit/secp256k1/include",
				);
				INFOPLIST_FILE = Info.plist;
				"INFOPLIST_KEY_UIApplicationSceneManifest_Generation[sdk=iphoneos*]" = YES;
				"INFOPLIST_KEY_UIApplicationSceneManifest_Generation[sdk=iphonesimulator*]" = YES;
				"INFOPLIST_KEY_UIApplicationSupportsIndirectInputEvents[sdk=iphoneos*]" = YES;
				"INFOPLIST_KEY_UIApplicationSupportsIndirectInputEvents[sdk=iphonesimulator*]" = YES;
				"INFOPLIST_KEY_UILaunchScreen_Generation[sdk=iphoneos*]" = YES;
				"INFOPLIST_KEY_UILaunchScreen_Generation[sdk=iphonesimulator*]" = YES;
				"INFOPLIST_KEY_UIStatusBarStyle[sdk=iphoneos*]" = UIStatusBarStyleDefault;
				"INFOPLIST_KEY_UIStatusBarStyle[sdk=iphonesimulator*]" = UIStatusBarStyleDefault;
				INFOPLIST_KEY_UISupportedInterfaceOrientations_iPad = "UIInterfaceOrientationPortrait UIInterfaceOrientationPortraitUpsideDown UIInterfaceOrientationLandscapeLeft UIInterfaceOrientationLandscapeRight";
				INFOPLIST_KEY_UISupportedInterfaceOrientations_iPhone = "UIInterfaceOrientationPortrait UIInterfaceOrientationLandscapeLeft UIInterfaceOrientationLandscapeRight";
				IPHONEOS_DEPLOYMENT_TARGET = 17.0;
				LD_RUNPATH_SEARCH_PATHS = "@executable_path/Frameworks";
				"LD_RUNPATH_SEARCH_PATHS[sdk=macosx*]" = "@executable_path/../Frameworks";
				MACOSX_DEPLOYMENT_TARGET = 26.2;
				MARKETING_VERSION = 1.1;
				PRODUCT_BUNDLE_IDENTIFIER = com.jpfraneto.Anky;
				PRODUCT_NAME = "$(TARGET_NAME)";
				REGISTER_APP_GROUPS = YES;
				SDKROOT = auto;
				STRING_CATALOG_GENERATE_SYMBOLS = YES;
				SUPPORTED_PLATFORMS = "iphoneos iphonesimulator macosx xros xrsimulator";
				SWIFT_APPROACHABLE_CONCURRENCY = YES;
				SWIFT_DEFAULT_ACTOR_ISOLATION = MainActor;
				SWIFT_EMIT_LOC_STRINGS = YES;
				SWIFT_OBJC_BRIDGING_HEADER = "Anky/Anky-Bridging-Header.h";
				SWIFT_UPCOMING_FEATURE_MEMBER_IMPORT_VISIBILITY = YES;
				SWIFT_VERSION = 5.0;
				TARGETED_DEVICE_FAMILY = "1,2,7";
				XROS_DEPLOYMENT_TARGET = 26.2;
			};
			name = Release;
		};
		4E6E6DEC2F5C423A007957FA /* Debug */ = {
			isa = XCBuildConfiguration;
			buildSettings = {
				BUNDLE_LOADER = "$(TEST_HOST)";
				CODE_SIGN_STYLE = Automatic;
				CURRENT_PROJECT_VERSION = 8;
				DEVELOPMENT_TEAM = 84V63LKV45;
				GENERATE_INFOPLIST_FILE = YES;
				IPHONEOS_DEPLOYMENT_TARGET = 17.0;
				MACOSX_DEPLOYMENT_TARGET = 26.2;
				MARKETING_VERSION = 1.1;
				PRODUCT_BUNDLE_IDENTIFIER = com.jpfraneto.AnkyTests;
				PRODUCT_NAME = "$(TARGET_NAME)";
				SDKROOT = auto;
				STRING_CATALOG_GENERATE_SYMBOLS = NO;
				SUPPORTED_PLATFORMS = "iphoneos iphonesimulator macosx xros xrsimulator";
				SWIFT_APPROACHABLE_CONCURRENCY = YES;
				SWIFT_EMIT_LOC_STRINGS = NO;
				SWIFT_UPCOMING_FEATURE_MEMBER_IMPORT_VISIBILITY = YES;
				SWIFT_VERSION = 5.0;
				TARGETED_DEVICE_FAMILY = "1,2,7";
				TEST_HOST = "$(BUILT_PRODUCTS_DIR)/Anky.app/$(BUNDLE_EXECUTABLE_FOLDER_PATH)/Anky";
				XROS_DEPLOYMENT_TARGET = 26.2;
			};
			name = Debug;
		};
		4E6E6DED2F5C423A007957FA /* Release */ = {
			isa = XCBuildConfiguration;
			buildSettings = {
				BUNDLE_LOADER = "$(TEST_HOST)";
				CODE_SIGN_STYLE = Automatic;
				CURRENT_PROJECT_VERSION = 8;
				DEVELOPMENT_TEAM = 84V63LKV45;
				GENERATE_INFOPLIST_FILE = YES;
				IPHONEOS_DEPLOYMENT_TARGET = 17.0;
				MACOSX_DEPLOYMENT_TARGET = 26.2;
				MARKETING_VERSION = 1.1;
				PRODUCT_BUNDLE_IDENTIFIER = com.jpfraneto.AnkyTests;
				PRODUCT_NAME = "$(TARGET_NAME)";
				SDKROOT = auto;
				STRING_CATALOG_GENERATE_SYMBOLS = NO;
				SUPPORTED_PLATFORMS = "iphoneos iphonesimulator macosx xros xrsimulator";
				SWIFT_APPROACHABLE_CONCURRENCY = YES;
				SWIFT_EMIT_LOC_STRINGS = NO;
				SWIFT_UPCOMING_FEATURE_MEMBER_IMPORT_VISIBILITY = YES;
				SWIFT_VERSION = 5.0;
				TARGETED_DEVICE_FAMILY = "1,2,7";
				TEST_HOST = "$(BUILT_PRODUCTS_DIR)/Anky.app/$(BUNDLE_EXECUTABLE_FOLDER_PATH)/Anky";
				XROS_DEPLOYMENT_TARGET = 26.2;
			};
			name = Release;
		};
		4E6E6DEF2F5C423A007957FA /* Debug */ = {
			isa = XCBuildConfiguration;
			buildSettings = {
				CODE_SIGN_STYLE = Automatic;
				CURRENT_PROJECT_VERSION = 8;
				DEVELOPMENT_TEAM = 84V63LKV45;
				GENERATE_INFOPLIST_FILE = YES;
				IPHONEOS_DEPLOYMENT_TARGET = 17.0;
				MACOSX_DEPLOYMENT_TARGET = 26.2;
				MARKETING_VERSION = 1.1;
				PRODUCT_BUNDLE_IDENTIFIER = com.jpfraneto.AnkyUITests;
				PRODUCT_NAME = "$(TARGET_NAME)";
				SDKROOT = auto;
				STRING_CATALOG_GENERATE_SYMBOLS = NO;
				SUPPORTED_PLATFORMS = "iphoneos iphonesimulator macosx xros xrsimulator";
				SWIFT_APPROACHABLE_CONCURRENCY = YES;
				SWIFT_EMIT_LOC_STRINGS = NO;
				SWIFT_UPCOMING_FEATURE_MEMBER_IMPORT_VISIBILITY = YES;
				SWIFT_VERSION = 5.0;
				TARGETED_DEVICE_FAMILY = "1,2,7";
				TEST_TARGET_NAME = Anky;
				XROS_DEPLOYMENT_TARGET = 26.2;
			};
			name = Debug;
		};
		4E6E6DF02F5C423A007957FA /* Release */ = {
			isa = XCBuildConfiguration;
			buildSettings = {
				CODE_SIGN_STYLE = Automatic;
				CURRENT_PROJECT_VERSION = 8;
				DEVELOPMENT_TEAM = 84V63LKV45;
				GENERATE_INFOPLIST_FILE = YES;
				IPHONEOS_DEPLOYMENT_TARGET = 17.0;
				MACOSX_DEPLOYMENT_TARGET = 26.2;
				MARKETING_VERSION = 1.1;
				PRODUCT_BUNDLE_IDENTIFIER = com.jpfraneto.AnkyUITests;
				PRODUCT_NAME = "$(TARGET_NAME)";
				SDKROOT = auto;
				STRING_CATALOG_GENERATE_SYMBOLS = NO;
				SUPPORTED_PLATFORMS = "iphoneos iphonesimulator macosx xros xrsimulator";
				SWIFT_APPROACHABLE_CONCURRENCY = YES;
				SWIFT_EMIT_LOC_STRINGS = NO;
				SWIFT_UPCOMING_FEATURE_MEMBER_IMPORT_VISIBILITY = YES;
				SWIFT_VERSION = 5.0;
				TARGETED_DEVICE_FAMILY = "1,2,7";
				TEST_TARGET_NAME = Anky;
				XROS_DEPLOYMENT_TARGET = 26.2;
			};
			name = Release;
		};
		AA00000800000000000000CC /* Debug */ = {
			isa = XCBuildConfiguration;
			buildSettings = {
				CODE_SIGN_ENTITLEMENTS = AnkyKeyboard/AnkyKeyboard.entitlements;
				CODE_SIGN_STYLE = Automatic;
				CURRENT_PROJECT_VERSION = 8;
				DEVELOPMENT_TEAM = 84V63LKV45;
				GENERATE_INFOPLIST_FILE = NO;
				INFOPLIST_FILE = AnkyKeyboard/Info.plist;
				IPHONEOS_DEPLOYMENT_TARGET = 17.0;
				LD_RUNPATH_SEARCH_PATHS = (
					"$(inherited)",
					"@executable_path/Frameworks",
					"@executable_path/../../Frameworks",
				);
				MARKETING_VERSION = 1.1;
				PRODUCT_BUNDLE_IDENTIFIER = com.jpfraneto.Anky.AnkyKeyboard;
				PRODUCT_NAME = "$(TARGET_NAME)";
				SDKROOT = iphoneos;
				SKIP_INSTALL = YES;
				SUPPORTED_PLATFORMS = "iphoneos iphonesimulator";
				SWIFT_APPROACHABLE_CONCURRENCY = YES;
				SWIFT_EMIT_LOC_STRINGS = YES;
				SWIFT_UPCOMING_FEATURE_MEMBER_IMPORT_VISIBILITY = YES;
				SWIFT_VERSION = 5.0;
				TARGETED_DEVICE_FAMILY = "1,2";
			};
			name = Debug;
		};
		AA00000900000000000000CC /* Release */ = {
			isa = XCBuildConfiguration;
			buildSettings = {
				CODE_SIGN_ENTITLEMENTS = AnkyKeyboard/AnkyKeyboard.entitlements;
				CODE_SIGN_STYLE = Automatic;
				CURRENT_PROJECT_VERSION = 8;
				DEVELOPMENT_TEAM = 84V63LKV45;
				GENERATE_INFOPLIST_FILE = NO;
				INFOPLIST_FILE = AnkyKeyboard/Info.plist;
				IPHONEOS_DEPLOYMENT_TARGET = 17.0;
				LD_RUNPATH_SEARCH_PATHS = (
					"$(inherited)",
					"@executable_path/Frameworks",
					"@executable_path/../../Frameworks",
				);
				MARKETING_VERSION = 1.1;
				PRODUCT_BUNDLE_IDENTIFIER = com.jpfraneto.Anky.AnkyKeyboard;
				PRODUCT_NAME = "$(TARGET_NAME)";
				SDKROOT = iphoneos;
				SKIP_INSTALL = YES;
				SUPPORTED_PLATFORMS = "iphoneos iphonesimulator";
				SWIFT_APPROACHABLE_CONCURRENCY = YES;
				SWIFT_EMIT_LOC_STRINGS = YES;
				SWIFT_UPCOMING_FEATURE_MEMBER_IMPORT_VISIBILITY = YES;
				SWIFT_VERSION = 5.0;
				TARGETED_DEVICE_FAMILY = "1,2";
			};
			name = Release;
		};
/* End XCBuildConfiguration section */

/* Begin XCConfigurationList section */
		4E6E6DC02F5C4238007957FA /* Build configuration list for PBXProject "Anky" */ = {
			isa = XCConfigurationList;
			buildConfigurations = (
				4E6E6DE62F5C423A007957FA /* Debug */,
				4E6E6DE72F5C423A007957FA /* Release */,
			);
			defaultConfigurationIsVisible = 0;
			defaultConfigurationName = Release;
		};
		4E6E6DE82F5C423A007957FA /* Build configuration list for PBXNativeTarget "Anky" */ = {
			isa = XCConfigurationList;
			buildConfigurations = (
				4E6E6DE92F5C423A007957FA /* Debug */,
				4E6E6DEA2F5C423A007957FA /* Release */,
			);
			defaultConfigurationIsVisible = 0;
			defaultConfigurationName = Release;
		};
		4E6E6DEB2F5C423A007957FA /* Build configuration list for PBXNativeTarget "AnkyTests" */ = {
			isa = XCConfigurationList;
			buildConfigurations = (
				4E6E6DEC2F5C423A007957FA /* Debug */,
				4E6E6DED2F5C423A007957FA /* Release */,
			);
			defaultConfigurationIsVisible = 0;
			defaultConfigurationName = Release;
		};
		4E6E6DEE2F5C423A007957FA /* Build configuration list for PBXNativeTarget "AnkyUITests" */ = {
			isa = XCConfigurationList;
			buildConfigurations = (
				4E6E6DEF2F5C423A007957FA /* Debug */,
				4E6E6DF02F5C423A007957FA /* Release */,
			);
			defaultConfigurationIsVisible = 0;
			defaultConfigurationName = Release;
		};
		AA00000A00000000000000CC /* Build configuration list for PBXNativeTarget "AnkyKeyboard" */ = {
			isa = XCConfigurationList;
			buildConfigurations = (
				AA00000800000000000000CC /* Debug */,
				AA00000900000000000000CC /* Release */,
			);
			defaultConfigurationIsVisible = 0;
			defaultConfigurationName = Release;
		};
/* End XCConfigurationList section */

/* Begin XCRemoteSwiftPackageReference section */
		BB00000200000000000000CC /* XCRemoteSwiftPackageReference "stripe-ios-spm" */ = {
			isa = XCRemoteSwiftPackageReference;
			repositoryURL = "https://github.com/stripe/stripe-ios-spm";
			requirement = {
				kind = upToNextMajorVersion;
				minimumVersion = 25.9.0;
			};
		};
/* End XCRemoteSwiftPackageReference section */

/* Begin XCSwiftPackageProductDependency section */
		BB00000300000000000000CC /* StripeApplePay */ = {
			isa = XCSwiftPackageProductDependency;
			package = BB00000200000000000000CC /* XCRemoteSwiftPackageReference "stripe-ios-spm" */;
			productName = StripeApplePay;
		};
/* End XCSwiftPackageProductDependency section */
	};
	rootObject = 4E6E6DBD2F5C4238007957FA /* Project object */;
}
